
Microsoft Visual Studio Solution File, Format Version 12.00
# Visual Studio Version 17
VisualStudioVersion = 17.7.34221.43
MinimumVisualStudioVersion = 10.0.40219.1
Project("{FAE04EC0-301F-11D3-BF4B-00C04F79EFBC}") = "Lab2", "Lab2\Lab2.csproj", "{3D35AF9E-1A16-47F5-B63E-903761096E29}"
EndProject
Global
	GlobalSection(SolutionConfigurationPlatforms) = preSolution
		Debug|Any CPU = Debug|Any CPU
		Release|Any CPU = Release|Any CPU
	EndGlobalSection
	GlobalSection(ProjectConfigurationPlatforms) = postSolution
		{3D35AF9E-1A16-47F5-B63E-903761096E29}.Debug|Any CPU.ActiveCfg = Debug|Any CPU
		{3D35AF9E-1A16-47F5-B63E-903761096E29}.Debug|Any CPU.Build.0 = Debug|Any CPU
		{3D35AF9E-1A16-47F5-B63E-903761096E29}.Release|Any CPU.ActiveCfg = Release|Any CPU
		{3D35AF9E-1A16-47F5-B63E-903761096E29}.Release|Any CPU.Build.0 = Release|Any CPU
	EndGlobalSection
	GlobalSection(SolutionProperties) = preSolution
		HideSolutionNode = FALSE
	EndGlobalSection
	GlobalSection(ExtensibilityGlobals) = postSolution
		SolutionGuid = {4F2025D1-2540-48A6-BAC9-F5D0F9592F6B}
	EndGlobalSection
EndGlobal
